{
  "name": "tools",
  "version": "1.0.0",
  "lockfileVersion": 3,
  "requires": true,
  "packages": {
    "": {
      "name": "tools",
      "version": "1.0.0",
      "license": "ISC",
      "dependencies": {
        "@protomaps/basemaps": "^5.7.2",
        "protomaps-themes-base": "^4.5.0"
      }
    },
    "node_modules/@protomaps/basemaps": {
      "version": "5.7.2",
      "resolved": "https://registry.npmjs.org/@protomaps/basemaps/-/basemaps-5.7.2.tgz",
      "integrity": "sha512-K1Yk6bWdULulYg+R2QRVXx4NzJZan5YQhpejEG0c1/sXruJrfPIPZuakpf3jwAgVmjIRVQwAv+yRafDeN0aaUQ==",
      "license": "BSD-3-Clause",
      "bin": {
        "generate_style": "src/cli.ts"
      }
    },
    "node_modules/protomaps-themes-base": {
      "version": "4.5.0",
      "resolved": "https://registry.npmjs.org/protomaps-themes-base/-/protomaps-themes-base-4.5.0.tgz",
      "integrity": "sha512-z5A6oXAXNi/CHEIbCfzZ/6uVDgnv3pO4C3LFvomxjUFXwyqWZ7HJdfPoNJSIlsvaQubqsaxCbamEzqBr/W7vkg==",
      "deprecated": "This package has been migrated to @protomaps/basemaps with a new major version. See the CHANGELOG at https://github.com/protomaps/basemaps/blob/main/CHANGELOG.md for how to migrate.",
      "license": "BSD-3-Clause"
    }
  }
}
